
Microsoft Visual Studio Solution File, Format Version 12.00
# Visual Studio 14
VisualStudioVersion = 14.0.22823.1
MinimumVisualStudioVersion = 10.0.40219.1
Project("{FAE04EC0-301F-11D3-BF4B-00C04F79EFBC}") = "eTemple.UI", "eTemple\eTemple.UI.csproj", "{84E17958-0DDB-43CF-8CC6-CEE22C64EDF8}"
EndProject
Project("{FAE04EC0-301F-11D3-BF4B-00C04F79EFBC}") = "eTemple.Data", "eTemple.Data\eTemple.Data.csproj", "{EE52EFDA-BC23-47B5-8C2A-3D934043EDC6}"
EndProject
Project("{2150E333-8FDC-42A3-9474-1A3956D46DE8}") = ".nuget", ".nuget", "{C53F664E-86C5-42C8-BEB0-05C76351302F}"
	ProjectSection(SolutionItems) = preProject
		.nuget\NuGet.Config = .nuget\NuGet.Config
		.nuget\NuGet.exe = .nuget\NuGet.exe
		.nuget\NuGet.targets = .nuget\NuGet.targets
	EndProjectSection
EndProject
Project("{FAE04EC0-301F-11D3-BF4B-00C04F79EFBC}") = "eTemple.Components", "eTemple.Components\eTemple.Components.csproj", "{87D24BFF-5031-4716-BF01-3EA42C791538}"
EndProject
Project("{FAE04EC0-301F-11D3-BF4B-00C04F79EFBC}") = "eTemple.UI.Donations", "eTemple.UI.Donations\eTemple.UI.Donations.csproj", "{7AB6A05B-A33E-4FB4-AAE3-055964C9A908}"
EndProject
Project("{FAE04EC0-301F-11D3-BF4B-00C04F79EFBC}") = "InternalTools", "InternalTools\InternalTools.csproj", "{AB39330E-C89A-41E1-BDA3-595FBE9B6442}"
EndProject
Global
	GlobalSection(SolutionConfigurationPlatforms) = preSolution
		Debug|Any CPU = Debug|Any CPU
		Release|Any CPU = Release|Any CPU
	EndGlobalSection
	GlobalSection(ProjectConfigurationPlatforms) = postSolution
		{84E17958-0DDB-43CF-8CC6-CEE22C64EDF8}.Debug|Any CPU.ActiveCfg = Debug|Any CPU
		{84E17958-0DDB-43CF-8CC6-CEE22C64EDF8}.Debug|Any CPU.Build.0 = Debug|Any CPU
		{84E17958-0DDB-43CF-8CC6-CEE22C64EDF8}.Release|Any CPU.ActiveCfg = Release|Any CPU
		{84E17958-0DDB-43CF-8CC6-CEE22C64EDF8}.Release|Any CPU.Build.0 = Release|Any CPU
		{84E17958-0DDB-43CF-8CC6-CEE22C64EDF8}.Release|Any CPU.Deploy.0 = Release|Any CPU
		{EE52EFDA-BC23-47B5-8C2A-3D934043EDC6}.Debug|Any CPU.ActiveCfg = Debug|Any CPU
		{EE52EFDA-BC23-47B5-8C2A-3D934043EDC6}.Debug|Any CPU.Build.0 = Debug|Any CPU
		{EE52EFDA-BC23-47B5-8C2A-3D934043EDC6}.Release|Any CPU.ActiveCfg = Release|Any CPU
		{EE52EFDA-BC23-47B5-8C2A-3D934043EDC6}.Release|Any CPU.Build.0 = Release|Any CPU
		{87D24BFF-5031-4716-BF01-3EA42C791538}.Debug|Any CPU.ActiveCfg = Debug|Any CPU
		{87D24BFF-5031-4716-BF01-3EA42C791538}.Debug|Any CPU.Build.0 = Debug|Any CPU
		{87D24BFF-5031-4716-BF01-3EA42C791538}.Release|Any CPU.ActiveCfg = Release|Any CPU
		{87D24BFF-5031-4716-BF01-3EA42C791538}.Release|Any CPU.Build.0 = Release|Any CPU
		{7AB6A05B-A33E-4FB4-AAE3-055964C9A908}.Debug|Any CPU.ActiveCfg = Debug|Any CPU
		{7AB6A05B-A33E-4FB4-AAE3-055964C9A908}.Debug|Any CPU.Build.0 = Debug|Any CPU
		{7AB6A05B-A33E-4FB4-AAE3-055964C9A908}.Release|Any CPU.ActiveCfg = Release|Any CPU
		{7AB6A05B-A33E-4FB4-AAE3-055964C9A908}.Release|Any CPU.Build.0 = Release|Any CPU
		{AB39330E-C89A-41E1-BDA3-595FBE9B6442}.Debug|Any CPU.ActiveCfg = Debug|Any CPU
		{AB39330E-C89A-41E1-BDA3-595FBE9B6442}.Debug|Any CPU.Build.0 = Debug|Any CPU
		{AB39330E-C89A-41E1-BDA3-595FBE9B6442}.Release|Any CPU.ActiveCfg = Release|Any CPU
		{AB39330E-C89A-41E1-BDA3-595FBE9B6442}.Release|Any CPU.Build.0 = Release|Any CPU
	EndGlobalSection
	GlobalSection(SolutionProperties) = preSolution
		HideSolutionNode = FALSE
	EndGlobalSection
EndGlobal
